<Solution>
  <Folder Name="/src/">
    <Project Path="src/FraudService/FraudService.csproj" />
    <Project Path="src/InventoryService/InventoryService.csproj" />
    <Project Path="src/OrderService/OrderService.csproj" />
    <Project Path="src/PaymentService/PaymentService.csproj" />
    <Project Path="src/ServiceDefaults/ServiceDefaults.csproj" />
    <Project Path="src/ShippingService/ShippingService.csproj" />
  </Folder>
  <Folder Name="/tests/">
    <Project Path="tests/Platform.ComponentTests/Platform.ComponentTests.csproj" />
    <Project Path="tests/Platform.IntegrationTests/Platform.IntegrationTests.csproj" />
    <Project Path="tests/Platform.TestSupport/Platform.TestSupport.csproj" />
    <Project Path="tests/Platform.UnitTests/Platform.UnitTests.csproj" />
  </Folder>
</Solution>
